// !$*UTF8*$!
{
	archiveVersion = 1;
	classes = {
	};
	objectVersion = 46;
	objects = {

/* Begin PBXBuildFile section */
		A075872D1C99C2B3001C22FE /* AppDelegate.swift in Sources */ = {isa = PBXBuildFile; fileRef = A075872C1C99C2B3001C22FE /* AppDelegate.swift */; };
		A075872F1C99C2B3001C22FE /* ViewController.swift in Sources */ = {isa = PBXBuildFile; fileRef = A075872E1C99C2B3001C22FE /* ViewController.swift */; };
		A07587321C99C2B3001C22FE /* Main.storyboard in Resources */ = {isa = PBXBuildFile; fileRef = A07587301C99C2B3001C22FE /* Main.storyboard */; };
		A07587341C99C2B3001C22FE /* Assets.xcassets in Resources */ = {isa = PBXBuildFile; fileRef = A07587331C99C2B3001C22FE /* Assets.xcassets */; };
		A07587371C99C2B3001C22FE /* LaunchScreen.storyboard in Resources */ = {isa = PBXBuildFile; fileRef = A07587351C99C2B3001C22FE /* LaunchScreen.storyboard */; };
		A07587421C99C2B3001C22FE /* mylittlemonsterTests.swift in Sources */ = {isa = PBXBuildFile; fileRef = A07587411C99C2B3001C22FE /* mylittlemonsterTests.swift */; };
		A075874D1C99C2B3001C22FE /* mylittlemonsterUITests.swift in Sources */ = {isa = PBXBuildFile; fileRef = A075874C1C99C2B3001C22FE /* mylittlemonsterUITests.swift */; };
/* End PBXBuildFile section */

/* Begin PBXContainerItemProxy section */
		A075873E1C99C2B3001C22FE /* PBXContainerItemProxy */ = {
			isa = PBXContainerItemProxy;
			containerPortal = A07587211C99C2B3001C22FE /* Project object */;
			proxyType = 1;
			remoteGlobalIDString = A07587281C99C2B3001C22FE;
			remoteInfo = mylittlemonster;
		};
		A07587491C99C2B3001C22FE /* PBXContainerItemProxy */ = {
			isa = PBXContainerItemProxy;
			containerPortal = A07587211C99C2B3001C22FE /* Project object */;
			proxyType = 1;
			remoteGlobalIDString = A07587281C99C2B3001C22FE;
			remoteInfo = mylittlemonster;
		};
/* End PBXContainerItemProxy section */

/* Begin PBXFileReference section */
		A07587291C99C2B3001C22FE /* mylittlemonster.app */ = {isa = PBXFileReference; explicitFileType = wrapper.application; includeInIndex = 0; path = mylittlemonster.app; sourceTree = BUILT_PRODUCTS_DIR; };
		A075872C1C99C2B3001C22FE /* AppDelegate.swift */ = {isa = PBXFileReference; lastKnownFileType = sourcecode.swift; path = AppDelegate.swift; sourceTree = "<group>"; };
		A075872E1C99C2B3001C22FE /* ViewController.swift */ = {isa = PBXFileReference; lastKnownFileType = sourcecode.swift; path = ViewController.swift; sourceTree = "<group>"; };
		A07587311C99C2B3001C22FE /* Base */ = {isa = PBXFileReference; lastKnownFileType = file.storyboard; name = Base; path = Base.lproj/Main.storyboard; sourceTree = "<group>"; };
		A07587331C99C2B3001C22FE /* Assets.xcassets */ = {isa = PBXFileReference; lastKnownFileType = folder.assetcatalog; path = Assets.xcassets; sourceTree = "<group>"; };
		A07587361C99C2B3001C22FE /* Base */ = {isa = PBXFileReference; lastKnownFileType = file.storyboard; name = Base; path = Base.lproj/LaunchScreen.storyboard; sourceTree = "<group>"; };
		A07587381C99C2B3001C22FE /* Info.plist */ = {isa = PBXFileReference; lastKnownFileType = text.plist.xml; path = Info.plist; sourceTree = "<group>"; };
		A075873D1C99C2B3001C22FE /* mylittlemonsterTests.xctest */ = {isa = PBXFileReference; explicitFileType = wrapper.cfbundle; includeInIndex = 0; path = mylittlemonsterTests.xctest; sourceTree = BUILT_PRODUCTS_DIR; };
		A07587411C99C2B3001C22FE /* mylittlemonsterTests.swift */ = {isa = PBXFileReference; lastKnownFileType = sourcecode.swift; path = mylittlemonsterTests.swift; sourceTree = "<group>"; };
		A07587431C99C2B3001C22FE /* Info.plist */ = {isa = PBXFileReference; lastKnownFileType = text.plist.xml; path = Info.plist; sourceTree = "<group>"; };
		A07587481C99C2B3001C22FE /* mylittlemonsterUITests.xctest */ = {isa = PBXFileReference; explicitFileType = wrapper.cfbundle; includeInIndex = 0; path = mylittlemonsterUITests.xctest; sourceTree = BUILT_PRODUCTS_DIR; };
		A075874C1C99C2B3001C22FE /* mylittlemonsterUITests.swift */ = {isa = PBXFileReference; lastKnownFileType = sourcecode.swift; path = mylittlemonsterUITests.swift; sourceTree = "<group>"; };
		A075874E1C99C2B3001C22FE /* Info.plist */ = {isa = PBXFileReference; lastKnownFileType = text.plist.xml; path = Info.plist; sourceTree = "<group>"; };
/* End PBXFileReference section */

/* Begin PBXFrameworksBuildPhase section */
		A07587261C99C2B3001C22FE /* Frameworks */ = {
			isa = PBXFrameworksBuildPhase;
			buildActionMask = 2147483647;
			files = (
			);
			runOnlyForDeploymentPostprocessing = 0;
		};
		A075873A1C99C2B3001C22FE /* Frameworks */ = {
			isa = PBXFrameworksBuildPhase;
			buildActionMask = 2147483647;
			files = (
			);
			runOnlyForDeploymentPostprocessing = 0;
		};
		A07587451C99C2B3001C22FE /* Frameworks */ = {
			isa = PBXFrameworksBuildPhase;
			buildActionMask = 2147483647;
			files = (
			);
			runOnlyForDeploymentPostprocessing = 0;
		};
/* End PBXFrameworksBuildPhase section */

/* Begin PBXGroup section */
		A07587201C99C2B3001C22FE = {
			isa = PBXGroup;
			children = (
				A075872B1C99C2B3001C22FE /* mylittlemonster */,
				A07587401C99C2B3001C22FE /* mylittlemonsterTests */,
				A075874B1C99C2B3001C22FE /* mylittlemonsterUITests */,
				A075872A1C99C2B3001C22FE /* Products */,
			);
			sourceTree = "<group>";
		};
		A075872A1C99C2B3001C22FE /* Products */ = {
			isa = PBXGroup;
			children = (
				A07587291C99C2B3001C22FE /* mylittlemonster.app */,
				A075873D1C99C2B3001C22FE /* mylittlemonsterTests.xctest */,
				A07587481C99C2B3001C22FE /* mylittlemonsterUITests.xctest */,
			);
			name = Products;
			sourceTree = "<group>";
		};
		A075872B1C99C2B3001C22FE /* mylittlemonster */ = {
			isa = PBXGroup;
			children = (
				A075872C1C99C2B3001C22FE /* AppDelegate.swift */,
				A075872E1C99C2B3001C22FE /* ViewController.swift */,
				A07587301C99C2B3001C22FE /* Main.storyboard */,
				A07587331C99C2B3001C22FE /* Assets.xcassets */,
				A07587351C99C2B3001C22FE /* LaunchScreen.storyboard */,
				A07587381C99C2B3001C22FE /* Info.plist */,
			);
			path = mylittlemonster;
			sourceTree = "<group>";
		};
		A07587401C99C2B3001C22FE /* mylittlemonsterTests */ = {
			isa = PBXGroup;
			children = (
				A07587411C99C2B3001C22FE /* mylittlemonsterTests.swift */,
				A07587431C99C2B3001C22FE /* Info.plist */,
			);
			path = mylittlemonsterTests;
			sourceTree = "<group>";
		};
		A075874B1C99C2B3001C22FE /* mylittlemonsterUITests */ = {
			isa = PBXGroup;
			children = (
				A075874C1C99C2B3001C22FE /* mylittlemonsterUITests.swift */,
				A075874E1C99C2B3001C22FE /* Info.plist */,
			);
			path = mylittlemonsterUITests;
			sourceTree = "<group>";
		};
/* End PBXGroup section */

/* Begin PBXNativeTarget section */
		A07587281C99C2B3001C22FE /* mylittlemonster */ = {
			isa = PBXNativeTarget;
			buildConfigurationList = A07587511C99C2B3001C22FE /* Build configuration list for PBXNativeTarget "mylittlemonster" */;
			buildPhases = (
				A07587251C99C2B3001C22FE /* Sources */,
				A07587261C99C2B3001C22FE /* Frameworks */,
				A07587271C99C2B3001C22FE /* Resources */,
			);
			buildRules = (
			);
			dependencies = (
			);
			name = mylittlemonster;
			productName = mylittlemonster;
			productReference = A07587291C99C2B3001C22FE /* mylittlemonster.app */;
			productType = "com.apple.product-type.application";
		};
		A075873C1C99C2B3001C22FE /* mylittlemonsterTests */ = {
			isa = PBXNativeTarget;
			buildConfigurationList = A07587541C99C2B3001C22FE /* Build configuration list for PBXNativeTarget "mylittlemonsterTests" */;
			buildPhases = (
				A07587391C99C2B3001C22FE /* Sources */,
				A075873A1C99C2B3001C22FE /* Frameworks */,
				A075873B1C99C2B3001C22FE /* Resources */,
			);
			buildRules = (
			);
			dependencies = (
				A075873F1C99C2B3001C22FE /* PBXTargetDependency */,
			);
			name = mylittlemonsterTests;
			productName = mylittlemonsterTests;
			productReference = A075873D1C99C2B3001C22FE /* mylittlemonsterTests.xctest */;
			productType = "com.apple.product-type.bundle.unit-test";
		};
		A07587471C99C2B3001C22FE /* mylittlemonsterUITests */ = {
			isa = PBXNativeTarget;
			buildConfigurationList = A07587571C99C2B3001C22FE /* Build configuration list for PBXNativeTarget "mylittlemonsterUITests" */;
			buildPhases = (
				A07587441C99C2B3001C22FE /* Sources */,
				A07587451C99C2B3001C22FE /* Frameworks */,
				A07587461C99C2B3001C22FE /* Resources */,
			);
			buildRules = (
			);
			dependencies = (
				A075874A1C99C2B3001C22FE /* PBXTargetDependency */,
			);
			name = mylittlemonsterUITests;
			productName = mylittlemonsterUITests;
			productReference = A07587481C99C2B3001C22FE /* mylittlemonsterUITests.xctest */;
			productType = "com.apple.product-type.bundle.ui-testing";
		};
/* End PBXNativeTarget section */

/* Begin PBXProject section */
		A07587211C99C2B3001C22FE /* Project object */ = {
			isa = PBXProject;
			attributes = {
				LastSwiftUpdateCheck = 0720;
				LastUpgradeCheck = 0720;
				ORGANIZATIONNAME = "Lucas Franco";
				TargetAttributes = {
					A07587281C99C2B3001C22FE = {
						CreatedOnToolsVersion = 7.2.1;
					};
					A075873C1C99C2B3001C22FE = {
						CreatedOnToolsVersion = 7.2.1;
						TestTargetID = A07587281C99C2B3001C22FE;
					};
					A07587471C99C2B3001C22FE = {
						CreatedOnToolsVersion = 7.2.1;
						TestTargetID = A07587281C99C2B3001C22FE;
					};
				};
			};
			buildConfigurationList = A07587241C99C2B3001C22FE /* Build configuration list for PBXProject "mylittlemonster" */;
			compatibilityVersion = "Xcode 3.2";
			developmentRegion = English;
			hasScannedForEncodings = 0;
			knownRegions = (
				en,
				Base,
			);
			mainGroup = A07587201C99C2B3001C22FE;
			productRefGroup = A075872A1C99C2B3001C22FE /* Products */;
			projectDirPath = "";
			projectRoot = "";
			targets = (
				A07587281C99C2B3001C22FE /* mylittlemonster */,
				A075873C1C99C2B3001C22FE /* mylittlemonsterTests */,
				A07587471C99C2B3001C22FE /* mylittlemonsterUITests */,
			);
		};
/* End PBXProject section */

/* Begin PBXResourcesBuildPhase section */
		A07587271C99C2B3001C22FE /* Resources */ = {
			isa = PBXResourcesBuildPhase;
			buildActionMask = 2147483647;
			files = (
				A07587371C99C2B3001C22FE /* LaunchScreen.storyboard in Resources */,
				A07587341C99C2B3001C22FE /* Assets.xcassets in Resources */,
				A07587321C99C2B3001C22FE /* Main.storyboard in Resources */,
			);
			runOnlyForDeploymentPostprocessing = 0;
		};
		A075873B1C99C2B3001C22FE /* Resources */ = {
			isa = PBXResourcesBuildPhase;
			buildActionMask = 2147483647;
			files = (
			);
			runOnlyForDeploymentPostprocessing = 0;
		};
		A07587461C99C2B3001C22FE /* Resources */ = {
			isa = PBXResourcesBuildPhase;
			buildActionMask = 2147483647;
			files = (
			);
			runOnlyForDeploymentPostprocessing = 0;
		};
/* End PBXResourcesBuildPhase section */

/* Begin PBXSourcesBuildPhase section */
		A07587251C99C2B3001C22FE /* Sources */ = {
			isa = PBXSourcesBuildPhase;
			buildActionMask = 2147483647;
			files = (
				A075872F1C99C2B3001C22FE /* ViewController.swift in Sources */,
				A075872D1C99C2B3001C22FE /* AppDelegate.swift in Sources */,
			);
			runOnlyForDeploymentPostprocessing = 0;
		};
		A07587391C99C2B3001C22FE /* Sources */ = {
			isa = PBXSourcesBuildPhase;
			buildActionMask = 2147483647;
			files = (
				A07587421C99C2B3001C22FE /* mylittlemonsterTests.swift in Sources */,
			);
			runOnlyForDeploymentPostprocessing = 0;
		};
		A07587441C99C2B3001C22FE /* Sources */ = {
			isa = PBXSourcesBuildPhase;
			buildActionMask = 2147483647;
			files = (
				A075874D1C99C2B3001C22FE /* mylittlemonsterUITests.swift in Sources */,
			);
			runOnlyForDeploymentPostprocessing = 0;
		};
/* End PBXSourcesBuildPhase section */

/* Begin PBXTargetDependency section */
		A075873F1C99C2B3001C22FE /* PBXTargetDependency */ = {
			isa = PBXTargetDependency;
			target = A07587281C99C2B3001C22FE /* mylittlemonster */;
			targetProxy = A075873E1C99C2B3001C22FE /* PBXContainerItemProxy */;
		};
		A075874A1C99C2B3001C22FE /* PBXTargetDependency */ = {
			isa = PBXTargetDependency;
			target = A07587281C99C2B3001C22FE /* mylittlemonster */;
			targetProxy = A07587491C99C2B3001C22FE /* PBXContainerItemProxy */;
		};
/* End PBXTargetDependency section */

/* Begin PBXVariantGroup section */
		A07587301C99C2B3001C22FE /* Main.storyboard */ = {
			isa = PBXVariantGroup;
			children = (
				A07587311C99C2B3001C22FE /* Base */,
			);
			name = Main.storyboard;
			sourceTree = "<group>";
		};
		A07587351C99C2B3001C22FE /* LaunchScreen.storyboard */ = {
			isa = PBXVariantGroup;
			children = (
				A07587361C99C2B3001C22FE /* Base */,
			);
			name = LaunchScreen.storyboard;
			sourceTree = "<group>";
		};
/* End PBXVariantGroup section */

/* Begin XCBuildConfiguration section */
		A075874F1C99C2B3001C22FE /* Debug */ = {
			isa = XCBuildConfiguration;
			buildSettings = {
				ALWAYS_SEARCH_USER_PATHS = NO;
				CLANG_CXX_LANGUAGE_STANDARD = "gnu++0x";
				CLANG_CXX_LIBRARY = "libc++";
				CLANG_ENABLE_MODULES = YES;
				CLANG_ENABLE_OBJC_ARC = YES;
				CLANG_WARN_BOOL_CONVERSION = YES;
				CLANG_WARN_CONSTANT_CONVERSION = YES;
				CLANG_WARN_DIRECT_OBJC_ISA_USAGE = YES_ERROR;
				CLANG_WARN_EMPTY_BODY = YES;
				CLANG_WARN_ENUM_CONVERSION = YES;
				CLANG_WARN_INT_CONVERSION = YES;
				CLANG_WARN_OBJC_ROOT_CLASS = YES_ERROR;
				CLANG_WARN_UNREACHABLE_CODE = YES;
				CLANG_WARN__DUPLICATE_METHOD_MATCH = YES;
				"CODE_SIGN_IDENTITY[sdk=iphoneos*]" = "iPhone Developer";
				COPY_PHASE_STRIP = NO;
				DEBUG_INFORMATION_FORMAT = dwarf;
				ENABLE_STRICT_OBJC_MSGSEND = YES;
				ENABLE_TESTABILITY = YES;
				GCC_C_LANGUAGE_STANDARD = gnu99;
				GCC_DYNAMIC_NO_PIC = NO;
				GCC_NO_COMMON_BLOCKS = YES;
				GCC_OPTIMIZATION_LEVEL = 0;
				GCC_PREPROCESSOR_DEFINITIONS = (
					"DEBUG=1",
					"$(inherited)",
				);
				GCC_WARN_64_TO_32_BIT_CONVERSION = YES;
				GCC_WARN_ABOUT_RETURN_TYPE = YES_ERROR;
				GCC_WARN_UNDECLARED_SELECTOR = YES;
				GCC_WARN_UNINITIALIZED_AUTOS = YES_AGGRESSIVE;
				GCC_WARN_UNUSED_FUNCTION = YES;
				GCC_WARN_UNUSED_VARIABLE = YES;
				IPHONEOS_DEPLOYMENT_TARGET = 9.2;
				MTL_ENABLE_DEBUG_INFO = YES;
				ONLY_ACTIVE_ARCH = YES;
				SDKROOT = iphoneos;
				SWIFT_OPTIMIZATION_LEVEL = "-Onone";
				TARGETED_DEVICE_FAMILY = "1,2";
			};
			name = Debug;
		};
		A07587501C99C2B3001C22FE /* Release */ = {
			isa = XCBuildConfiguration;
			buildSettings = {
				ALWAYS_SEARCH_USER_PATHS = NO;
				CLANG_CXX_LANGUAGE_STANDARD = "gnu++0x";
				CLANG_CXX_LIBRARY = "libc++";
				CLANG_ENABLE_MODULES = YES;
				CLANG_ENABLE_OBJC_ARC = YES;
				CLANG_WARN_BOOL_CONVERSION = YES;
				CLANG_WARN_CONSTANT_CONVERSION = YES;
				CLANG_WARN_DIRECT_OBJC_ISA_USAGE = YES_ERROR;
				CLANG_WARN_EMPTY_BODY = YES;
				CLANG_WARN_ENUM_CONVERSION = YES;
				CLANG_WARN_INT_CONVERSION = YES;
				CLANG_WARN_OBJC_ROOT_CLASS = YES_ERROR;
				CLANG_WARN_UNREACHABLE_CODE = YES;
				CLANG_WARN__DUPLICATE_METHOD_MATCH = YES;
				"CODE_SIGN_IDENTITY[sdk=iphoneos*]" = "iPhone Developer";
				COPY_PHASE_STRIP = NO;
				DEBUG_INFORMATION_FORMAT = "dwarf-with-dsym";
				ENABLE_NS_ASSERTIONS = NO;
				ENABLE_STRICT_OBJC_MSGSEND = YES;
				GCC_C_LANGUAGE_STANDARD = gnu99;
				GCC_NO_COMMON_BLOCKS = YES;
				GCC_WARN_64_TO_32_BIT_CONVERSION = YES;
				GCC_WARN_ABOUT_RETURN_TYPE = YES_ERROR;
				GCC_WARN_UNDECLARED_SELECTOR = YES;
				GCC_WARN_UNINITIALIZED_AUTOS = YES_AGGRESSIVE;
				GCC_WARN_UNUSED_FUNCTION = YES;
				GCC_WARN_UNUSED_VARIABLE = YES;
				IPHONEOS_DEPLOYMENT_TARGET = 9.2;
				MTL_ENABLE_DEBUG_INFO = NO;
				SDKROOT = iphoneos;
				TARGETED_DEVICE_FAMILY = "1,2";
				VALIDATE_PRODUCT = YES;
			};
			name = Release;
		};
		A07587521C99C2B3001C22FE /* Debug */ = {
			isa = XCBuildConfiguration;
			buildSettings = {
				ASSETCATALOG_COMPILER_APPICON_NAME = AppIcon;
				INFOPLIST_FILE = mylittlemonster/Info.plist;
				LD_RUNPATH_SEARCH_PATHS = "$(inherited) @executable_path/Frameworks";
				PRODUCT_BUNDLE_IDENTIFIER = Lucas.mylittlemonster;
				PRODUCT_NAME = "$(TARGET_NAME)";
			};
			name = Debug;
		};
		A07587531C99C2B3001C22FE /* Release */ = {
			isa = XCBuildConfiguration;
			buildSettings = {
				ASSETCATALOG_COMPILER_APPICON_NAME = AppIcon;
				INFOPLIST_FILE = mylittlemonster/Info.plist;
				LD_RUNPATH_SEARCH_PATHS = "$(inherited) @executable_path/Frameworks";
				PRODUCT_BUNDLE_IDENTIFIER = Lucas.mylittlemonster;
				PRODUCT_NAME = "$(TARGET_NAME)";
			};
			name = Release;
		};
		A07587551C99C2B3001C22FE /* Debug */ = {
			isa = XCBuildConfiguration;
			buildSettings = {
				BUNDLE_LOADER = "$(TEST_HOST)";
				INFOPLIST_FILE = mylittlemonsterTests/Info.plist;
				LD_RUNPATH_SEARCH_PATHS = "$(inherited) @executable_path/Frameworks @loader_path/Frameworks";
				PRODUCT_BUNDLE_IDENTIFIER = Lucas.mylittlemonsterTests;
				PRODUCT_NAME = "$(TARGET_NAME)";
				TEST_HOST = "$(BUILT_PRODUCTS_DIR)/mylittlemonster.app/mylittlemonster";
			};
			name = Debug;
		};
		A07587561C99C2B3001C22FE /* Release */ = {
			isa = XCBuildConfiguration;
			buildSettings = {
				BUNDLE_LOADER = "$(TEST_HOST)";
				INFOPLIST_FILE = mylittlemonsterTests/Info.plist;
				LD_RUNPATH_SEARCH_PATHS = "$(inherited) @executable_path/Frameworks @loader_path/Frameworks";
				PRODUCT_BUNDLE_IDENTIFIER = Lucas.mylittlemonsterTests;
				PRODUCT_NAME = "$(TARGET_NAME)";
				TEST_HOST = "$(BUILT_PRODUCTS_DIR)/mylittlemonster.app/mylittlemonster";
			};
			name = Release;
		};
		A07587581C99C2B3001C22FE /* Debug */ = {
			isa = XCBuildConfiguration;
			buildSettings = {
				INFOPLIST_FILE = mylittlemonsterUITests/Info.plist;
				LD_RUNPATH_SEARCH_PATHS = "$(inherited) @executable_path/Frameworks @loader_path/Frameworks";
				PRODUCT_BUNDLE_IDENTIFIER = Lucas.mylittlemonsterUITests;
				PRODUCT_NAME = "$(TARGET_NAME)";
				TEST_TARGET_NAME = mylittlemonster;
				USES_XCTRUNNER = YES;
			};
			name = Debug;
		};
		A07587591C99C2B3001C22FE /* Release */ = {
			isa = XCBuildConfiguration;
			buildSettings = {
				INFOPLIST_FILE = mylittlemonsterUITests/Info.plist;
				LD_RUNPATH_SEARCH_PATHS = "$(inherited) @executable_path/Frameworks @loader_path/Frameworks";
				PRODUCT_BUNDLE_IDENTIFIER = Lucas.mylittlemonsterUITests;
				PRODUCT_NAME = "$(TARGET_NAME)";
				TEST_TARGET_NAME = mylittlemonster;
				USES_XCTRUNNER = YES;
			};
			name = Release;
		};
/* End XCBuildConfiguration section */

/* Begin XCConfigurationList section */
		A07587241C99C2B3001C22FE /* Build configuration list for PBXProject "mylittlemonster" */ = {
			isa = XCConfigurationList;
			buildConfigurations = (
				A075874F1C99C2B3001C22FE /* Debug */,
				A07587501C99C2B3001C22FE /* Release */,
			);
			defaultConfigurationIsVisible = 0;
			defaultConfigurationName = Release;
		};
		A07587511C99C2B3001C22FE /* Build configuration list for PBXNativeTarget "mylittlemonster" */ = {
			isa = XCConfigurationList;
			buildConfigurations = (
				A07587521C99C2B3001C22FE /* Debug */,
				A07587531C99C2B3001C22FE /* Release */,
			);
			defaultConfigurationIsVisible = 0;
		};
		A07587541C99C2B3001C22FE /* Build configuration list for PBXNativeTarget "mylittlemonsterTests" */ = {
			isa = XCConfigurationList;
			buildConfigurations = (
				A07587551C99C2B3001C22FE /* Debug */,
				A07587561C99C2B3001C22FE /* Release */,
			);
			defaultConfigurationIsVisible = 0;
		};
		A07587571C99C2B3001C22FE /* Build configuration list for PBXNativeTarget "mylittlemonsterUITests" */ = {
			isa = XCConfigurationList;
			buildConfigurations = (
				A07587581C99C2B3001C22FE /* Debug */,
				A07587591C99C2B3001C22FE /* Release */,
			);
			defaultConfigurationIsVisible = 0;
		};
/* End XCConfigurationList section */
	};
	rootObject = A07587211C99C2B3001C22FE /* Project object */;
}
